
Microsoft Visual Studio Solution File, Format Version 12.00
# Visual Studio Version 17
VisualStudioVersion = 17.14.36109.1 d17.14
MinimumVisualStudioVersion = 10.0.40219.1
Project("{FAE04EC0-301F-11D3-BF4B-00C04F79EFBC}") = "lab7", "lab7.csproj", "{B606B912-C71F-4E6E-9250-FFD4BB4395A3}"
EndProject
Global
	GlobalSection(SolutionConfigurationPlatforms) = preSolution
		Debug|Any CPU = Debug|Any CPU
		Release|Any CPU = Release|Any CPU
	EndGlobalSection
	GlobalSection(ProjectConfigurationPlatforms) = postSolution
		{B606B912-C71F-4E6E-9250-FFD4BB4395A3}.Debug|Any CPU.ActiveCfg = Debug|Any CPU
		{B606B912-C71F-4E6E-9250-FFD4BB4395A3}.Debug|Any CPU.Build.0 = Debug|Any CPU
		{B606B912-C71F-4E6E-9250-FFD4BB4395A3}.Release|Any CPU.ActiveCfg = Release|Any CPU
		{B606B912-C71F-4E6E-9250-FFD4BB4395A3}.Release|Any CPU.Build.0 = Release|Any CPU
	EndGlobalSection
	GlobalSection(SolutionProperties) = preSolution
		HideSolutionNode = FALSE
	EndGlobalSection
	GlobalSection(ExtensibilityGlobals) = postSolution
		SolutionGuid = {3102391F-96BB-42E0-A229-019081B3B1C8}
	EndGlobalSection
EndGlobal
